<?xml version="1.0" encoding="utf-8"?>
<Project ToolsVersion="4.0" xmlns="http://schemas.microsoft.com/developer/msbuild/2003">
  <ItemGroup>
    <Filter Include="소스 파일">
      <UniqueIdentifier>{4FC737F1-C7A5-4376-A066-2A32D752A2FF}</UniqueIdentifier>
      <Extensions>cpp;c;cc;cxx;c++;cppm;ixx;def;odl;idl;hpj;bat;asm;asmx</Extensions>
    </Filter>
    <Filter Include="헤더 파일">
      <UniqueIdentifier>{93995380-89BD-4b04-88EB-625FBE52EBFB}</UniqueIdentifier>
      <Extensions>h;hh;hpp;hxx;h++;hm;inl;inc;ipp;xsd</Extensions>
    </Filter>
    <Filter Include="리소스 파일">
      <UniqueIdentifier>{67DA6AB6-F800-4c08-8B7A-83BB121AAD01}</UniqueIdentifier>
      <Extensions>rc;ico;cur;bmp;dlg;rc2;rct;bin;rgs;gif;jpg;jpeg;jpe;resx;tiff;tif;png;wav;mfcribbon-ms</Extensions>
    </Filter>
    <Filter Include="소스 파일\SDL">
      <UniqueIdentifier>{6c9762d2-7304-4547-acea-a4136add6485}</UniqueIdentifier>
    </Filter>
  </ItemGroup>
  <ItemGroup>
    <ClCompile Include="memoryGame(SDL)\테스트.cpp">
      <Filter>소스 파일</Filter>
    </ClCompile>
    <ClCompile Include="예제\기억력게임_예제.cpp">
      <Filter>소스 파일</Filter>
    </ClCompile>
    <ClCompile Include="asd\playfair.cpp">
      <Filter>소스 파일</Filter>
    </ClCompile>
    <ClCompile Include="asd\main.cpp">
      <Filter>소스 파일</Filter>
    </ClCompile>
    <ClCompile Include="memoryGame(SDL)\basic.cpp">
      <Filter>소스 파일</Filter>
    </ClCompile>
  </ItemGroup>
  <ItemGroup>
    <Image Include="imgs\character_2.png">
      <Filter>리소스 파일</Filter>
    </Image>
    <Image Include="imgs\character_1.png">
      <Filter>리소스 파일</Filter>
    </Image>
    <Image Include="imgs\character_3.png">
      <Filter>리소스 파일</Filter>
    </Image>
    <Image Include="imgs\character_4.png">
      <Filter>리소스 파일</Filter>
    </Image>
    <Image Include="imgs\character_5.png">
      <Filter>리소스 파일</Filter>
    </Image>
    <Image Include="imgs\character_6.png">
      <Filter>리소스 파일</Filter>
    </Image>
    <Image Include="imgs\character_7.png">
      <Filter>리소스 파일</Filter>
    </Image>
    <Image Include="imgs\character_8.png">
      <Filter>리소스 파일</Filter>
    </Image>
    <Image Include="imgs\character_9.png">
      <Filter>리소스 파일</Filter>
    </Image>
    <Image Include="imgs\character_10.png">
      <Filter>리소스 파일</Filter>
    </Image>
    <Image Include="imgs\character_11.png">
      <Filter>리소스 파일</Filter>
    </Image>
    <Image Include="imgs\character_12.png">
      <Filter>리소스 파일</Filter>
    </Image>
    <Image Include="imgs\character_13.png">
      <Filter>리소스 파일</Filter>
    </Image>
    <Image Include="imgs\character_14.png">
      <Filter>리소스 파일</Filter>
    </Image>
    <Image Include="imgs\character_0.png">
      <Filter>리소스 파일</Filter>
    </Image>
    <Image Include="imgs\free00.png">
      <Filter>리소스 파일</Filter>
    </Image>
    <Image Include="imgs\free01.png">
      <Filter>리소스 파일</Filter>
    </Image>
    <Image Include="imgs\free02.png">
      <Filter>리소스 파일</Filter>
    </Image>
    <Image Include="imgs\free03.png">
      <Filter>리소스 파일</Filter>
    </Image>
    <Image Include="imgs\free04.png">
      <Filter>리소스 파일</Filter>
    </Image>
    <Image Include="imgs\free05.png">
      <Filter>리소스 파일</Filter>
    </Image>
    <Image Include="imgs\free06.png">
      <Filter>리소스 파일</Filter>
    </Image>
    <Image Include="imgs\free07.png">
      <Filter>리소스 파일</Filter>
    </Image>
    <Image Include="imgs\free08.png">
      <Filter>리소스 파일</Filter>
    </Image>
    <Image Include="imgs\free09.png">
      <Filter>리소스 파일</Filter>
    </Image>
  </ItemGroup>
  <ItemGroup>
    <ClInclude Include="asd\playfair.h">
      <Filter>헤더 파일</Filter>
    </ClInclude>
  </ItemGroup>
</Project>